
Microsoft Visual Studio Solution File, Format Version 12.00
# Visual Studio Version 17
VisualStudioVersion = 17.3.32929.385
MinimumVisualStudioVersion = 10.0.40219.1
Project("{FAE04EC0-301F-11D3-BF4B-00C04F79EFBC}") = "BoutilierLab4", "BoutilierLab4\BoutilierLab4.csproj", "{08E0B54A-8E79-4B12-962A-F9E9F9C6B124}"
EndProject
Global
	GlobalSection(SolutionConfigurationPlatforms) = preSolution
		Debug|Any CPU = Debug|Any CPU
		Release|Any CPU = Release|Any CPU
	EndGlobalSection
	GlobalSection(ProjectConfigurationPlatforms) = postSolution
		{08E0B54A-8E79-4B12-962A-F9E9F9C6B124}.Debug|Any CPU.ActiveCfg = Debug|Any CPU
		{08E0B54A-8E79-4B12-962A-F9E9F9C6B124}.Debug|Any CPU.Build.0 = Debug|Any CPU
		{08E0B54A-8E79-4B12-962A-F9E9F9C6B124}.Release|Any CPU.ActiveCfg = Release|Any CPU
		{08E0B54A-8E79-4B12-962A-F9E9F9C6B124}.Release|Any CPU.Build.0 = Release|Any CPU
	EndGlobalSection
	GlobalSection(SolutionProperties) = preSolution
		HideSolutionNode = FALSE
	EndGlobalSection
	GlobalSection(ExtensibilityGlobals) = postSolution
		SolutionGuid = {04C96B48-5048-43DD-8A88-0DA6B97B994A}
	EndGlobalSection
EndGlobal
